
Microsoft Visual Studio Solution File, Format Version 12.00
# Visual Studio 15
VisualStudioVersion = 15.0.28307.757
MinimumVisualStudioVersion = 10.0.40219.1
Project("{9092AA53-FB77-4645-B42D-1CCCA6BD08BD}") = "kickout-ads", "kickout-ads.njsproj", "{A483D4DF-4DFA-493A-B280-B8B55ADCF794}"
EndProject
Global
	GlobalSection(SolutionConfigurationPlatforms) = preSolution
		Debug|Any CPU = Debug|Any CPU
		Release|Any CPU = Release|Any CPU
	EndGlobalSection
	GlobalSection(ProjectConfigurationPlatforms) = postSolution
		{A483D4DF-4DFA-493A-B280-B8B55ADCF794}.Debug|Any CPU.ActiveCfg = Debug|Any CPU
		{A483D4DF-4DFA-493A-B280-B8B55ADCF794}.Debug|Any CPU.Build.0 = Debug|Any CPU
		{A483D4DF-4DFA-493A-B280-B8B55ADCF794}.Release|Any CPU.ActiveCfg = Release|Any CPU
		{A483D4DF-4DFA-493A-B280-B8B55ADCF794}.Release|Any CPU.Build.0 = Release|Any CPU
	EndGlobalSection
	GlobalSection(SolutionProperties) = preSolution
		HideSolutionNode = FALSE
	EndGlobalSection
	GlobalSection(ExtensibilityGlobals) = postSolution
		SolutionGuid = {009697F7-2DDC-4F7F-A77E-7DAAE272D7A4}
	EndGlobalSection
EndGlobal
